
Microsoft Visual Studio Solution File, Format Version 12.00
# Visual Studio Version 17
VisualStudioVersion = 17.14.36310.24
MinimumVisualStudioVersion = 10.0.40219.1
Project("{FAE04EC0-301F-11D3-BF4B-00C04F79EFBC}") = "internHomework", "internHomework.csproj", "{109CFEC2-3CA6-4D1D-B84F-A3B119620879}"
EndProject
Project("{2150E333-8FDC-42A3-9474-1A3956D46DE8}") = "01BasicC#", "01BasicC#", "{02EA681E-C7D8-13C7-8484-4AC65E1B71E8}"
EndProject
Project("{2150E333-8FDC-42A3-9474-1A3956D46DE8}") = "01", "01", "{6FB5F2E6-F1B1-4220-ADAD-C9C3BDD54624}"
EndProject
Project("{FAE04EC0-301F-11D3-BF4B-00C04F79EFBC}") = "Ex01", "01BasicC#\01\Ex01\Ex01.csproj", "{2A945A13-2D8B-B2B2-3F3F-892BAFBC5A2A}"
EndProject
Project("{2150E333-8FDC-42A3-9474-1A3956D46DE8}") = "02", "02", "{7613AF00-79EA-4610-9121-891E189C5F73}"
EndProject
Project("{2150E333-8FDC-42A3-9474-1A3956D46DE8}") = "Ex02", "Ex02", "{7402913F-AD11-48F1-B3CD-35B47923AB5C}"
EndProject
Project("{2150E333-8FDC-42A3-9474-1A3956D46DE8}") = "Ex03", "Ex03", "{B4B2C836-BFC7-46EB-917D-C21942ADF351}"
EndProject
Project("{2150E333-8FDC-42A3-9474-1A3956D46DE8}") = "Ex04", "Ex04", "{C304C5CA-0BE5-49C9-B566-E2CAF3A57D60}"
EndProject
Project("{FAE04EC0-301F-11D3-BF4B-00C04F79EFBC}") = "Ex02", "01BasicC#\02\Ex02\Ex02.csproj", "{60226F87-96EF-DEF1-8B78-2696896CEEA7}"
EndProject
Project("{FAE04EC0-301F-11D3-BF4B-00C04F79EFBC}") = "Ex03", "01BasicC#\02\Ex03\Ex03.csproj", "{EB8F7C03-D2F9-E78F-EB02-BFF961F1F676}"
EndProject
Project("{FAE04EC0-301F-11D3-BF4B-00C04F79EFBC}") = "Ex04", "01BasicC#\02\Ex04\Ex04.csproj", "{BBC9FDF4-4709-E23C-F413-B613F61389E0}"
EndProject
Project("{2150E333-8FDC-42A3-9474-1A3956D46DE8}") = "Ex05", "Ex05", "{AE75F674-EC73-4D57-B57E-07CA91942051}"
EndProject
Project("{2150E333-8FDC-42A3-9474-1A3956D46DE8}") = "Ex06", "Ex06", "{731E3CD1-B0B5-44E0-8E8C-99E837E9FAD1}"
EndProject
Project("{2150E333-8FDC-42A3-9474-1A3956D46DE8}") = "Ex07", "Ex07", "{E861889B-5F16-42F1-A06F-4E6B2DE6F7DD}"
EndProject
Project("{2150E333-8FDC-42A3-9474-1A3956D46DE8}") = "Ex08", "Ex08", "{5845E45E-4725-4B0B-92DA-41134F4C8B8E}"
EndProject
Project("{2150E333-8FDC-42A3-9474-1A3956D46DE8}") = "Ex09", "Ex09", "{A85FB2E9-4BE2-4D10-A558-C298B6DFA99F}"
EndProject
Project("{2150E333-8FDC-42A3-9474-1A3956D46DE8}") = "Ex10", "Ex10", "{DC6D3C9D-A84E-4C97-B727-054E7CDAA96B}"
EndProject
Project("{2150E333-8FDC-42A3-9474-1A3956D46DE8}") = "Ex11", "Ex11", "{C79D3B16-30E1-420B-A030-EC0246BCCCC1}"
EndProject
Project("{2150E333-8FDC-42A3-9474-1A3956D46DE8}") = "Ex12", "Ex12", "{F8430311-8BFF-4208-B156-EE0A458897D2}"
EndProject
Project("{2150E333-8FDC-42A3-9474-1A3956D46DE8}") = "Ex13", "Ex13", "{4DC0B7E8-D78C-4597-BB23-5E47468F1AE2}"
EndProject
Project("{2150E333-8FDC-42A3-9474-1A3956D46DE8}") = "Ex14", "Ex14", "{AB4E1DD2-B136-4B3E-B051-9A3FCB34CA22}"
EndProject
Project("{FAE04EC0-301F-11D3-BF4B-00C04F79EFBC}") = "Ex05", "01BasicC#\02\Ex05\Ex05.csproj", "{D1A95EEB-EFC8-CC37-68D5-CF7397B9893C}"
EndProject
Project("{FAE04EC0-301F-11D3-BF4B-00C04F79EFBC}") = "Ex06", "01BasicC#\02\Ex06\Ex06.csproj", "{EE3FF6CF-4EBD-146D-84B1-A6B6DF977BA4}"
EndProject
Project("{FAE04EC0-301F-11D3-BF4B-00C04F79EFBC}") = "Ex07", "01BasicC#\02\Ex07\Ex07.csproj", "{3E2DE030-17D1-F885-995B-4F644B5EB9BF}"
EndProject
Project("{FAE04EC0-301F-11D3-BF4B-00C04F79EFBC}") = "Ex08", "01BasicC#\02\Ex08\Ex08.csproj", "{56E335F2-5C98-E54A-F4E6-0989A988752D}"
EndProject
Project("{FAE04EC0-301F-11D3-BF4B-00C04F79EFBC}") = "Ex09", "01BasicC#\02\Ex09\Ex09.csproj", "{AD91B5F8-B343-88BE-CA3D-482C6FEA1911}"
EndProject
Project("{FAE04EC0-301F-11D3-BF4B-00C04F79EFBC}") = "Ex10", "01BasicC#\02\Ex10\Ex10.csproj", "{8D6BC8CA-829E-D229-71EF-73C4CF5A1A45}"
EndProject
Project("{FAE04EC0-301F-11D3-BF4B-00C04F79EFBC}") = "Ex11", "01BasicC#\02\Ex11\Ex11.csproj", "{06B3B645-25CB-3713-19CA-B4AB3D12699A}"
EndProject
Project("{FAE04EC0-301F-11D3-BF4B-00C04F79EFBC}") = "Ex12", "01BasicC#\02\Ex12\Ex12.csproj", "{71EA5530-C88B-E9AE-01BE-C1FCE9B9FAB2}"
EndProject
Project("{FAE04EC0-301F-11D3-BF4B-00C04F79EFBC}") = "Ex13", "01BasicC#\02\Ex13\Ex13.csproj", "{C9F35E67-8A3C-629E-8EC2-148E7AE46DE6}"
EndProject
Project("{FAE04EC0-301F-11D3-BF4B-00C04F79EFBC}") = "Ex14", "01BasicC#\02\Ex14\Ex14.csproj", "{F9BDE636-0932-3710-1EBA-1298A759C23B}"
EndProject
Project("{2150E333-8FDC-42A3-9474-1A3956D46DE8}") = "03", "03", "{00975F35-7A15-43F8-A484-21ACA1C2ABF0}"
EndProject
Project("{2150E333-8FDC-42A3-9474-1A3956D46DE8}") = "Ex3.01", "Ex3.01", "{1BDF70D6-4BE9-4718-9B9A-D60633996E0D}"
EndProject
Project("{2150E333-8FDC-42A3-9474-1A3956D46DE8}") = "Ex3.04", "Ex3.04", "{9458D531-CAC0-4F7E-91C2-0B7F7F6D265B}"
EndProject
Project("{2150E333-8FDC-42A3-9474-1A3956D46DE8}") = "Ex3.02", "Ex3.02", "{746520AE-961E-44EC-94D3-37BD3B8A7E8F}"
EndProject
Project("{2150E333-8FDC-42A3-9474-1A3956D46DE8}") = "Ex3.03", "Ex3.03", "{BC12755C-F7C4-4A20-87D1-881FB2531606}"
EndProject
Project("{2150E333-8FDC-42A3-9474-1A3956D46DE8}") = "Ex3.05", "Ex3.05", "{85431B26-CE52-4643-8217-62DAE957E6BC}"
EndProject
Project("{2150E333-8FDC-42A3-9474-1A3956D46DE8}") = "Ex3.06", "Ex3.06", "{9F410AC4-B2CB-49E3-851A-A13088B2EB66}"
EndProject
Project("{2150E333-8FDC-42A3-9474-1A3956D46DE8}") = "Ex3.07", "Ex3.07", "{9BE9114A-EC50-4CBA-BB0A-039BFB4D7AFA}"
EndProject
Project("{2150E333-8FDC-42A3-9474-1A3956D46DE8}") = "Ex3.08", "Ex3.08", "{FFF2241C-A544-4DBC-9955-F9B502B693A7}"
EndProject
Project("{2150E333-8FDC-42A3-9474-1A3956D46DE8}") = "Ex3.09", "Ex3.09", "{2FF337E8-FCE3-4A89-9123-2041C524D72F}"
EndProject
Project("{2150E333-8FDC-42A3-9474-1A3956D46DE8}") = "Ex3.10", "Ex3.10", "{E24379AE-724F-4F39-AAF2-3CE62BC29D17}"
EndProject
Project("{2150E333-8FDC-42A3-9474-1A3956D46DE8}") = "Ex3.11", "Ex3.11", "{F2B6FA08-7B0C-4F3E-AA1A-7DCC0E0252BF}"
EndProject
Project("{2150E333-8FDC-42A3-9474-1A3956D46DE8}") = "Ex3.12", "Ex3.12", "{E516EF8B-507A-43DE-ABB3-3CC241480D4F}"
EndProject
Project("{2150E333-8FDC-42A3-9474-1A3956D46DE8}") = "Ex3.13", "Ex3.13", "{B08A42A0-8302-4347-A3DD-4603E568A830}"
EndProject
Project("{2150E333-8FDC-42A3-9474-1A3956D46DE8}") = "Ex3.14", "Ex3.14", "{665E155C-6A03-453F-94B4-94C4E8DB8BBF}"
EndProject
Project("{FAE04EC0-301F-11D3-BF4B-00C04F79EFBC}") = "Ex3.01", "01BasicC#\03\Ex3.01\Ex3.01.csproj", "{4ECBBA42-C0FD-E17C-CFD4-D36FAF751E6E}"
EndProject
Project("{FAE04EC0-301F-11D3-BF4B-00C04F79EFBC}") = "Ex3.02", "01BasicC#\03\Ex3.02\Ex3.02.csproj", "{6C6D680E-5CF1-BEDD-C640-A449CADF4F83}"
EndProject
Project("{FAE04EC0-301F-11D3-BF4B-00C04F79EFBC}") = "Ex3.03", "01BasicC#\03\Ex3.03\Ex3.03.csproj", "{D92A52CA-C88B-BA43-9795-15ECFD981B26}"
EndProject
Project("{FAE04EC0-301F-11D3-BF4B-00C04F79EFBC}") = "Ex3.04", "01BasicC#\03\Ex3.04\Ex3.04.csproj", "{67582E36-B3C4-F62E-7FB0-BA4DB84B498B}"
EndProject
Project("{FAE04EC0-301F-11D3-BF4B-00C04F79EFBC}") = "Ex3.05", "01BasicC#\03\Ex3.05\Ex3.05.csproj", "{23D2D13B-BC2E-CE2B-226C-EAE308851D89}"
EndProject
Project("{FAE04EC0-301F-11D3-BF4B-00C04F79EFBC}") = "Ex3.06", "01BasicC#\03\Ex3.06\Ex3.06.csproj", "{C5747423-319B-3144-F70E-345A49F65D76}"
EndProject
Project("{FAE04EC0-301F-11D3-BF4B-00C04F79EFBC}") = "Ex3.07", "01BasicC#\03\Ex3.07\Ex3.07.csproj", "{0FBC3C8B-39D0-DF9D-F69E-9DEE901E672B}"
EndProject
Project("{FAE04EC0-301F-11D3-BF4B-00C04F79EFBC}") = "Ex3.08", "01BasicC#\03\Ex3.08\Ex3.08.csproj", "{B44539CB-6A5C-F276-E5EA-C96DC8991F44}"
EndProject
Project("{FAE04EC0-301F-11D3-BF4B-00C04F79EFBC}") = "Ex3.09", "01BasicC#\03\Ex3.09\Ex3.09.csproj", "{94AA5466-C7C9-EF63-CAA0-5D2134008476}"
EndProject
Project("{FAE04EC0-301F-11D3-BF4B-00C04F79EFBC}") = "Ex3.10", "01BasicC#\03\Ex3.10\Ex3.10.csproj", "{289A4EDA-203C-1105-E576-7DEC206FE3C9}"
EndProject
Project("{FAE04EC0-301F-11D3-BF4B-00C04F79EFBC}") = "Ex3.11", "01BasicC#\03\Ex3.11\Ex3.11.csproj", "{54F35EBF-CD8E-4101-EA8A-3B0125A56DF0}"
EndProject
Project("{FAE04EC0-301F-11D3-BF4B-00C04F79EFBC}") = "Ex3.12", "01BasicC#\03\Ex3.12\Ex3.12.csproj", "{32AA1E60-2F91-809C-E401-90CCB16BACB0}"
EndProject
Project("{FAE04EC0-301F-11D3-BF4B-00C04F79EFBC}") = "Ex3.13", "01BasicC#\03\Ex3.13\Ex3.13.csproj", "{7160D09B-073D-9B8E-BDD4-68AA99041AD0}"
EndProject
Project("{FAE04EC0-301F-11D3-BF4B-00C04F79EFBC}") = "Ex3.14", "01BasicC#\03\Ex3.14\Ex3.14.csproj", "{E44305DE-725F-FE61-6468-C49C18416F0C}"
EndProject
Project("{2150E333-8FDC-42A3-9474-1A3956D46DE8}") = "04", "04", "{C91B44BA-1B71-4C88-9E76-1A7945462B58}"
EndProject
Project("{2150E333-8FDC-42A3-9474-1A3956D46DE8}") = "Ex4.01", "Ex4.01", "{F334A2EA-00F2-4556-9A1C-822DEC870EA5}"
EndProject
Project("{2150E333-8FDC-42A3-9474-1A3956D46DE8}") = "Ex4.02", "Ex4.02", "{75CAEC3B-BA75-42B0-8874-8A668910CE99}"
EndProject
Project("{2150E333-8FDC-42A3-9474-1A3956D46DE8}") = "Ex4.03", "Ex4.03", "{1B87423C-5CEF-4BC0-99B2-F7450D3A6098}"
EndProject
Project("{2150E333-8FDC-42A3-9474-1A3956D46DE8}") = "Ex4.04", "Ex4.04", "{CE4A80EF-55E0-4282-81DF-A23E71FC1121}"
EndProject
Project("{2150E333-8FDC-42A3-9474-1A3956D46DE8}") = "Ex4.05", "Ex4.05", "{9CBDDA20-D308-4444-8D61-B9EA30122FA5}"
EndProject
Project("{2150E333-8FDC-42A3-9474-1A3956D46DE8}") = "Ex4.06", "Ex4.06", "{8E2C1F18-B539-41AA-8F7F-B12DC3A2BF90}"
EndProject
Project("{2150E333-8FDC-42A3-9474-1A3956D46DE8}") = "Ex4.07", "Ex4.07", "{BCA9514C-7468-46C6-9AC8-15738BA6AA18}"
EndProject
Project("{2150E333-8FDC-42A3-9474-1A3956D46DE8}") = "Ex4.08", "Ex4.08", "{794A4D4F-30B4-4A1C-9D2A-76C18EBE5E13}"
EndProject
Project("{2150E333-8FDC-42A3-9474-1A3956D46DE8}") = "Ex4.09", "Ex4.09", "{65D9BC90-B5FB-4E30-8729-4E3AB54889E0}"
EndProject
Project("{2150E333-8FDC-42A3-9474-1A3956D46DE8}") = "Ex4.10", "Ex4.10", "{16134737-31A3-4248-8838-087455BE20D9}"
EndProject
Project("{FAE04EC0-301F-11D3-BF4B-00C04F79EFBC}") = "Ex4.01", "01BasicC#\04\Ex4.01\Ex4.01.csproj", "{44E06DD0-4507-DCF0-5E4B-9736B98081C8}"
EndProject
Project("{FAE04EC0-301F-11D3-BF4B-00C04F79EFBC}") = "Ex4.02", "01BasicC#\04\Ex4.02\Ex4.02.csproj", "{644B854F-DB7B-D3D3-D88F-EE51305FE66B}"
EndProject
Project("{FAE04EC0-301F-11D3-BF4B-00C04F79EFBC}") = "Ex4.03", "01BasicC#\04\Ex4.03\Ex4.03.csproj", "{E27B8006-6941-2C00-D4E4-E6A85145654B}"
EndProject
Project("{FAE04EC0-301F-11D3-BF4B-00C04F79EFBC}") = "Ex4.04", "01BasicC#\04\Ex4.04\Ex4.04.csproj", "{B1E23773-2B74-5D4B-F1B8-076F48FEFC4B}"
EndProject
Project("{FAE04EC0-301F-11D3-BF4B-00C04F79EFBC}") = "Ex4.05", "01BasicC#\04\Ex4.05\Ex4.05.csproj", "{16D737BA-A47D-0A59-C550-A5D1DBD65064}"
EndProject
Project("{FAE04EC0-301F-11D3-BF4B-00C04F79EFBC}") = "Ex4.06", "01BasicC#\04\Ex4.06\Ex4.06.csproj", "{0709D0B8-86CE-A2D3-7CDB-B8C3CDDC5A79}"
EndProject
Project("{FAE04EC0-301F-11D3-BF4B-00C04F79EFBC}") = "Ex4.07", "01BasicC#\04\Ex4.07\Ex4.07.csproj", "{864080C2-D97B-833F-BACF-B4FA7B83BE7B}"
EndProject
Project("{FAE04EC0-301F-11D3-BF4B-00C04F79EFBC}") = "Ex4.08", "01BasicC#\04\Ex4.08\Ex4.08.csproj", "{0E8D646F-4678-A1DE-2663-223C34C65219}"
EndProject
Project("{FAE04EC0-301F-11D3-BF4B-00C04F79EFBC}") = "Ex4.09", "01BasicC#\04\Ex4.09\Ex4.09.csproj", "{0774F2BD-8E5F-5E20-7A49-09A379EA44CB}"
EndProject
Project("{FAE04EC0-301F-11D3-BF4B-00C04F79EFBC}") = "Ex4.10", "01BasicC#\04\Ex4.10\Ex4.10.csproj", "{AF625B62-8CB5-27FE-E742-25846FDD2A66}"
EndProject
Global
	GlobalSection(SolutionConfigurationPlatforms) = preSolution
		Debug|Any CPU = Debug|Any CPU
		Release|Any CPU = Release|Any CPU
	EndGlobalSection
	GlobalSection(ProjectConfigurationPlatforms) = postSolution
		{109CFEC2-3CA6-4D1D-B84F-A3B119620879}.Debug|Any CPU.ActiveCfg = Debug|Any CPU
		{109CFEC2-3CA6-4D1D-B84F-A3B119620879}.Debug|Any CPU.Build.0 = Debug|Any CPU
		{109CFEC2-3CA6-4D1D-B84F-A3B119620879}.Release|Any CPU.ActiveCfg = Release|Any CPU
		{109CFEC2-3CA6-4D1D-B84F-A3B119620879}.Release|Any CPU.Build.0 = Release|Any CPU
		{2A945A13-2D8B-B2B2-3F3F-892BAFBC5A2A}.Debug|Any CPU.ActiveCfg = Debug|Any CPU
		{2A945A13-2D8B-B2B2-3F3F-892BAFBC5A2A}.Debug|Any CPU.Build.0 = Debug|Any CPU
		{2A945A13-2D8B-B2B2-3F3F-892BAFBC5A2A}.Release|Any CPU.ActiveCfg = Release|Any CPU
		{2A945A13-2D8B-B2B2-3F3F-892BAFBC5A2A}.Release|Any CPU.Build.0 = Release|Any CPU
		{60226F87-96EF-DEF1-8B78-2696896CEEA7}.Debug|Any CPU.ActiveCfg = Debug|Any CPU
		{60226F87-96EF-DEF1-8B78-2696896CEEA7}.Debug|Any CPU.Build.0 = Debug|Any CPU
		{60226F87-96EF-DEF1-8B78-2696896CEEA7}.Release|Any CPU.ActiveCfg = Release|Any CPU
		{60226F87-96EF-DEF1-8B78-2696896CEEA7}.Release|Any CPU.Build.0 = Release|Any CPU
		{EB8F7C03-D2F9-E78F-EB02-BFF961F1F676}.Debug|Any CPU.ActiveCfg = Debug|Any CPU
		{EB8F7C03-D2F9-E78F-EB02-BFF961F1F676}.Debug|Any CPU.Build.0 = Debug|Any CPU
		{EB8F7C03-D2F9-E78F-EB02-BFF961F1F676}.Release|Any CPU.ActiveCfg = Release|Any CPU
		{EB8F7C03-D2F9-E78F-EB02-BFF961F1F676}.Release|Any CPU.Build.0 = Release|Any CPU
		{BBC9FDF4-4709-E23C-F413-B613F61389E0}.Debug|Any CPU.ActiveCfg = Debug|Any CPU
		{BBC9FDF4-4709-E23C-F413-B613F61389E0}.Debug|Any CPU.Build.0 = Debug|Any CPU
		{BBC9FDF4-4709-E23C-F413-B613F61389E0}.Release|Any CPU.ActiveCfg = Release|Any CPU
		{BBC9FDF4-4709-E23C-F413-B613F61389E0}.Release|Any CPU.Build.0 = Release|Any CPU
		{D1A95EEB-EFC8-CC37-68D5-CF7397B9893C}.Debug|Any CPU.ActiveCfg = Debug|Any CPU
		{D1A95EEB-EFC8-CC37-68D5-CF7397B9893C}.Debug|Any CPU.Build.0 = Debug|Any CPU
		{D1A95EEB-EFC8-CC37-68D5-CF7397B9893C}.Release|Any CPU.ActiveCfg = Release|Any CPU
		{D1A95EEB-EFC8-CC37-68D5-CF7397B9893C}.Release|Any CPU.Build.0 = Release|Any CPU
		{EE3FF6CF-4EBD-146D-84B1-A6B6DF977BA4}.Debug|Any CPU.ActiveCfg = Debug|Any CPU
		{EE3FF6CF-4EBD-146D-84B1-A6B6DF977BA4}.Debug|Any CPU.Build.0 = Debug|Any CPU
		{EE3FF6CF-4EBD-146D-84B1-A6B6DF977BA4}.Release|Any CPU.ActiveCfg = Release|Any CPU
		{EE3FF6CF-4EBD-146D-84B1-A6B6DF977BA4}.Release|Any CPU.Build.0 = Release|Any CPU
		{3E2DE030-17D1-F885-995B-4F644B5EB9BF}.Debug|Any CPU.ActiveCfg = Debug|Any CPU
		{3E2DE030-17D1-F885-995B-4F644B5EB9BF}.Debug|Any CPU.Build.0 = Debug|Any CPU
		{3E2DE030-17D1-F885-995B-4F644B5EB9BF}.Release|Any CPU.ActiveCfg = Release|Any CPU
		{3E2DE030-17D1-F885-995B-4F644B5EB9BF}.Release|Any CPU.Build.0 = Release|Any CPU
		{56E335F2-5C98-E54A-F4E6-0989A988752D}.Debug|Any CPU.ActiveCfg = Debug|Any CPU
		{56E335F2-5C98-E54A-F4E6-0989A988752D}.Debug|Any CPU.Build.0 = Debug|Any CPU
		{56E335F2-5C98-E54A-F4E6-0989A988752D}.Release|Any CPU.ActiveCfg = Release|Any CPU
		{56E335F2-5C98-E54A-F4E6-0989A988752D}.Release|Any CPU.Build.0 = Release|Any CPU
		{AD91B5F8-B343-88BE-CA3D-482C6FEA1911}.Debug|Any CPU.ActiveCfg = Debug|Any CPU
		{AD91B5F8-B343-88BE-CA3D-482C6FEA1911}.Debug|Any CPU.Build.0 = Debug|Any CPU
		{AD91B5F8-B343-88BE-CA3D-482C6FEA1911}.Release|Any CPU.ActiveCfg = Release|Any CPU
		{AD91B5F8-B343-88BE-CA3D-482C6FEA1911}.Release|Any CPU.Build.0 = Release|Any CPU
		{8D6BC8CA-829E-D229-71EF-73C4CF5A1A45}.Debug|Any CPU.ActiveCfg = Debug|Any CPU
		{8D6BC8CA-829E-D229-71EF-73C4CF5A1A45}.Debug|Any CPU.Build.0 = Debug|Any CPU
		{8D6BC8CA-829E-D229-71EF-73C4CF5A1A45}.Release|Any CPU.ActiveCfg = Release|Any CPU
		{8D6BC8CA-829E-D229-71EF-73C4CF5A1A45}.Release|Any CPU.Build.0 = Release|Any CPU
		{06B3B645-25CB-3713-19CA-B4AB3D12699A}.Debug|Any CPU.ActiveCfg = Debug|Any CPU
		{06B3B645-25CB-3713-19CA-B4AB3D12699A}.Debug|Any CPU.Build.0 = Debug|Any CPU
		{06B3B645-25CB-3713-19CA-B4AB3D12699A}.Release|Any CPU.ActiveCfg = Release|Any CPU
		{06B3B645-25CB-3713-19CA-B4AB3D12699A}.Release|Any CPU.Build.0 = Release|Any CPU
		{71EA5530-C88B-E9AE-01BE-C1FCE9B9FAB2}.Debug|Any CPU.ActiveCfg = Debug|Any CPU
		{71EA5530-C88B-E9AE-01BE-C1FCE9B9FAB2}.Debug|Any CPU.Build.0 = Debug|Any CPU
		{71EA5530-C88B-E9AE-01BE-C1FCE9B9FAB2}.Release|Any CPU.ActiveCfg = Release|Any CPU
		{71EA5530-C88B-E9AE-01BE-C1FCE9B9FAB2}.Release|Any CPU.Build.0 = Release|Any CPU
		{C9F35E67-8A3C-629E-8EC2-148E7AE46DE6}.Debug|Any CPU.ActiveCfg = Debug|Any CPU
		{C9F35E67-8A3C-629E-8EC2-148E7AE46DE6}.Debug|Any CPU.Build.0 = Debug|Any CPU
		{C9F35E67-8A3C-629E-8EC2-148E7AE46DE6}.Release|Any CPU.ActiveCfg = Release|Any CPU
		{C9F35E67-8A3C-629E-8EC2-148E7AE46DE6}.Release|Any CPU.Build.0 = Release|Any CPU
		{F9BDE636-0932-3710-1EBA-1298A759C23B}.Debug|Any CPU.ActiveCfg = Debug|Any CPU
		{F9BDE636-0932-3710-1EBA-1298A759C23B}.Debug|Any CPU.Build.0 = Debug|Any CPU
		{F9BDE636-0932-3710-1EBA-1298A759C23B}.Release|Any CPU.ActiveCfg = Release|Any CPU
		{F9BDE636-0932-3710-1EBA-1298A759C23B}.Release|Any CPU.Build.0 = Release|Any CPU
		{4ECBBA42-C0FD-E17C-CFD4-D36FAF751E6E}.Debug|Any CPU.ActiveCfg = Debug|Any CPU
		{4ECBBA42-C0FD-E17C-CFD4-D36FAF751E6E}.Debug|Any CPU.Build.0 = Debug|Any CPU
		{4ECBBA42-C0FD-E17C-CFD4-D36FAF751E6E}.Release|Any CPU.ActiveCfg = Release|Any CPU
		{4ECBBA42-C0FD-E17C-CFD4-D36FAF751E6E}.Release|Any CPU.Build.0 = Release|Any CPU
		{6C6D680E-5CF1-BEDD-C640-A449CADF4F83}.Debug|Any CPU.ActiveCfg = Debug|Any CPU
		{6C6D680E-5CF1-BEDD-C640-A449CADF4F83}.Debug|Any CPU.Build.0 = Debug|Any CPU
		{6C6D680E-5CF1-BEDD-C640-A449CADF4F83}.Release|Any CPU.ActiveCfg = Release|Any CPU
		{6C6D680E-5CF1-BEDD-C640-A449CADF4F83}.Release|Any CPU.Build.0 = Release|Any CPU
		{D92A52CA-C88B-BA43-9795-15ECFD981B26}.Debug|Any CPU.ActiveCfg = Debug|Any CPU
		{D92A52CA-C88B-BA43-9795-15ECFD981B26}.Debug|Any CPU.Build.0 = Debug|Any CPU
		{D92A52CA-C88B-BA43-9795-15ECFD981B26}.Release|Any CPU.ActiveCfg = Release|Any CPU
		{D92A52CA-C88B-BA43-9795-15ECFD981B26}.Release|Any CPU.Build.0 = Release|Any CPU
		{67582E36-B3C4-F62E-7FB0-BA4DB84B498B}.Debug|Any CPU.ActiveCfg = Debug|Any CPU
		{67582E36-B3C4-F62E-7FB0-BA4DB84B498B}.Debug|Any CPU.Build.0 = Debug|Any CPU
		{67582E36-B3C4-F62E-7FB0-BA4DB84B498B}.Release|Any CPU.ActiveCfg = Release|Any CPU
		{67582E36-B3C4-F62E-7FB0-BA4DB84B498B}.Release|Any CPU.Build.0 = Release|Any CPU
		{23D2D13B-BC2E-CE2B-226C-EAE308851D89}.Debug|Any CPU.ActiveCfg = Debug|Any CPU
		{23D2D13B-BC2E-CE2B-226C-EAE308851D89}.Debug|Any CPU.Build.0 = Debug|Any CPU
		{23D2D13B-BC2E-CE2B-226C-EAE308851D89}.Release|Any CPU.ActiveCfg = Release|Any CPU
		{23D2D13B-BC2E-CE2B-226C-EAE308851D89}.Release|Any CPU.Build.0 = Release|Any CPU
		{C5747423-319B-3144-F70E-345A49F65D76}.Debug|Any CPU.ActiveCfg = Debug|Any CPU
		{C5747423-319B-3144-F70E-345A49F65D76}.Debug|Any CPU.Build.0 = Debug|Any CPU
		{C5747423-319B-3144-F70E-345A49F65D76}.Release|Any CPU.ActiveCfg = Release|Any CPU
		{C5747423-319B-3144-F70E-345A49F65D76}.Release|Any CPU.Build.0 = Release|Any CPU
		{0FBC3C8B-39D0-DF9D-F69E-9DEE901E672B}.Debug|Any CPU.ActiveCfg = Debug|Any CPU
		{0FBC3C8B-39D0-DF9D-F69E-9DEE901E672B}.Debug|Any CPU.Build.0 = Debug|Any CPU
		{0FBC3C8B-39D0-DF9D-F69E-9DEE901E672B}.Release|Any CPU.ActiveCfg = Release|Any CPU
		{0FBC3C8B-39D0-DF9D-F69E-9DEE901E672B}.Release|Any CPU.Build.0 = Release|Any CPU
		{B44539CB-6A5C-F276-E5EA-C96DC8991F44}.Debug|Any CPU.ActiveCfg = Debug|Any CPU
		{B44539CB-6A5C-F276-E5EA-C96DC8991F44}.Debug|Any CPU.Build.0 = Debug|Any CPU
		{B44539CB-6A5C-F276-E5EA-C96DC8991F44}.Release|Any CPU.ActiveCfg = Release|Any CPU
		{B44539CB-6A5C-F276-E5EA-C96DC8991F44}.Release|Any CPU.Build.0 = Release|Any CPU
		{94AA5466-C7C9-EF63-CAA0-5D2134008476}.Debug|Any CPU.ActiveCfg = Debug|Any CPU
		{94AA5466-C7C9-EF63-CAA0-5D2134008476}.Debug|Any CPU.Build.0 = Debug|Any CPU
		{94AA5466-C7C9-EF63-CAA0-5D2134008476}.Release|Any CPU.ActiveCfg = Release|Any CPU
		{94AA5466-C7C9-EF63-CAA0-5D2134008476}.Release|Any CPU.Build.0 = Release|Any CPU
		{289A4EDA-203C-1105-E576-7DEC206FE3C9}.Debug|Any CPU.ActiveCfg = Debug|Any CPU
		{289A4EDA-203C-1105-E576-7DEC206FE3C9}.Debug|Any CPU.Build.0 = Debug|Any CPU
		{289A4EDA-203C-1105-E576-7DEC206FE3C9}.Release|Any CPU.ActiveCfg = Release|Any CPU
		{289A4EDA-203C-1105-E576-7DEC206FE3C9}.Release|Any CPU.Build.0 = Release|Any CPU
		{54F35EBF-CD8E-4101-EA8A-3B0125A56DF0}.Debug|Any CPU.ActiveCfg = Debug|Any CPU
		{54F35EBF-CD8E-4101-EA8A-3B0125A56DF0}.Debug|Any CPU.Build.0 = Debug|Any CPU
		{54F35EBF-CD8E-4101-EA8A-3B0125A56DF0}.Release|Any CPU.ActiveCfg = Release|Any CPU
		{54F35EBF-CD8E-4101-EA8A-3B0125A56DF0}.Release|Any CPU.Build.0 = Release|Any CPU
		{32AA1E60-2F91-809C-E401-90CCB16BACB0}.Debug|Any CPU.ActiveCfg = Debug|Any CPU
		{32AA1E60-2F91-809C-E401-90CCB16BACB0}.Debug|Any CPU.Build.0 = Debug|Any CPU
		{32AA1E60-2F91-809C-E401-90CCB16BACB0}.Release|Any CPU.ActiveCfg = Release|Any CPU
		{32AA1E60-2F91-809C-E401-90CCB16BACB0}.Release|Any CPU.Build.0 = Release|Any CPU
		{7160D09B-073D-9B8E-BDD4-68AA99041AD0}.Debug|Any CPU.ActiveCfg = Debug|Any CPU
		{7160D09B-073D-9B8E-BDD4-68AA99041AD0}.Debug|Any CPU.Build.0 = Debug|Any CPU
		{7160D09B-073D-9B8E-BDD4-68AA99041AD0}.Release|Any CPU.ActiveCfg = Release|Any CPU
		{7160D09B-073D-9B8E-BDD4-68AA99041AD0}.Release|Any CPU.Build.0 = Release|Any CPU
		{E44305DE-725F-FE61-6468-C49C18416F0C}.Debug|Any CPU.ActiveCfg = Debug|Any CPU
		{E44305DE-725F-FE61-6468-C49C18416F0C}.Debug|Any CPU.Build.0 = Debug|Any CPU
		{E44305DE-725F-FE61-6468-C49C18416F0C}.Release|Any CPU.ActiveCfg = Release|Any CPU
		{E44305DE-725F-FE61-6468-C49C18416F0C}.Release|Any CPU.Build.0 = Release|Any CPU
		{44E06DD0-4507-DCF0-5E4B-9736B98081C8}.Debug|Any CPU.ActiveCfg = Debug|Any CPU
		{44E06DD0-4507-DCF0-5E4B-9736B98081C8}.Debug|Any CPU.Build.0 = Debug|Any CPU
		{44E06DD0-4507-DCF0-5E4B-9736B98081C8}.Release|Any CPU.ActiveCfg = Release|Any CPU
		{44E06DD0-4507-DCF0-5E4B-9736B98081C8}.Release|Any CPU.Build.0 = Release|Any CPU
		{644B854F-DB7B-D3D3-D88F-EE51305FE66B}.Debug|Any CPU.ActiveCfg = Debug|Any CPU
		{644B854F-DB7B-D3D3-D88F-EE51305FE66B}.Debug|Any CPU.Build.0 = Debug|Any CPU
		{644B854F-DB7B-D3D3-D88F-EE51305FE66B}.Release|Any CPU.ActiveCfg = Release|Any CPU
		{644B854F-DB7B-D3D3-D88F-EE51305FE66B}.Release|Any CPU.Build.0 = Release|Any CPU
		{E27B8006-6941-2C00-D4E4-E6A85145654B}.Debug|Any CPU.ActiveCfg = Debug|Any CPU
		{E27B8006-6941-2C00-D4E4-E6A85145654B}.Debug|Any CPU.Build.0 = Debug|Any CPU
		{E27B8006-6941-2C00-D4E4-E6A85145654B}.Release|Any CPU.ActiveCfg = Release|Any CPU
		{E27B8006-6941-2C00-D4E4-E6A85145654B}.Release|Any CPU.Build.0 = Release|Any CPU
		{B1E23773-2B74-5D4B-F1B8-076F48FEFC4B}.Debug|Any CPU.ActiveCfg = Debug|Any CPU
		{B1E23773-2B74-5D4B-F1B8-076F48FEFC4B}.Debug|Any CPU.Build.0 = Debug|Any CPU
		{B1E23773-2B74-5D4B-F1B8-076F48FEFC4B}.Release|Any CPU.ActiveCfg = Release|Any CPU
		{B1E23773-2B74-5D4B-F1B8-076F48FEFC4B}.Release|Any CPU.Build.0 = Release|Any CPU
		{16D737BA-A47D-0A59-C550-A5D1DBD65064}.Debug|Any CPU.ActiveCfg = Debug|Any CPU
		{16D737BA-A47D-0A59-C550-A5D1DBD65064}.Debug|Any CPU.Build.0 = Debug|Any CPU
		{16D737BA-A47D-0A59-C550-A5D1DBD65064}.Release|Any CPU.ActiveCfg = Release|Any CPU
		{16D737BA-A47D-0A59-C550-A5D1DBD65064}.Release|Any CPU.Build.0 = Release|Any CPU
		{0709D0B8-86CE-A2D3-7CDB-B8C3CDDC5A79}.Debug|Any CPU.ActiveCfg = Debug|Any CPU
		{0709D0B8-86CE-A2D3-7CDB-B8C3CDDC5A79}.Debug|Any CPU.Build.0 = Debug|Any CPU
		{0709D0B8-86CE-A2D3-7CDB-B8C3CDDC5A79}.Release|Any CPU.ActiveCfg = Release|Any CPU
		{0709D0B8-86CE-A2D3-7CDB-B8C3CDDC5A79}.Release|Any CPU.Build.0 = Release|Any CPU
		{864080C2-D97B-833F-BACF-B4FA7B83BE7B}.Debug|Any CPU.ActiveCfg = Debug|Any CPU
		{864080C2-D97B-833F-BACF-B4FA7B83BE7B}.Debug|Any CPU.Build.0 = Debug|Any CPU
		{864080C2-D97B-833F-BACF-B4FA7B83BE7B}.Release|Any CPU.ActiveCfg = Release|Any CPU
		{864080C2-D97B-833F-BACF-B4FA7B83BE7B}.Release|Any CPU.Build.0 = Release|Any CPU
		{0E8D646F-4678-A1DE-2663-223C34C65219}.Debug|Any CPU.ActiveCfg = Debug|Any CPU
		{0E8D646F-4678-A1DE-2663-223C34C65219}.Debug|Any CPU.Build.0 = Debug|Any CPU
		{0E8D646F-4678-A1DE-2663-223C34C65219}.Release|Any CPU.ActiveCfg = Release|Any CPU
		{0E8D646F-4678-A1DE-2663-223C34C65219}.Release|Any CPU.Build.0 = Release|Any CPU
		{0774F2BD-8E5F-5E20-7A49-09A379EA44CB}.Debug|Any CPU.ActiveCfg = Debug|Any CPU
		{0774F2BD-8E5F-5E20-7A49-09A379EA44CB}.Debug|Any CPU.Build.0 = Debug|Any CPU
		{0774F2BD-8E5F-5E20-7A49-09A379EA44CB}.Release|Any CPU.ActiveCfg = Release|Any CPU
		{0774F2BD-8E5F-5E20-7A49-09A379EA44CB}.Release|Any CPU.Build.0 = Release|Any CPU
		{AF625B62-8CB5-27FE-E742-25846FDD2A66}.Debug|Any CPU.ActiveCfg = Debug|Any CPU
		{AF625B62-8CB5-27FE-E742-25846FDD2A66}.Debug|Any CPU.Build.0 = Debug|Any CPU
		{AF625B62-8CB5-27FE-E742-25846FDD2A66}.Release|Any CPU.ActiveCfg = Release|Any CPU
		{AF625B62-8CB5-27FE-E742-25846FDD2A66}.Release|Any CPU.Build.0 = Release|Any CPU
	EndGlobalSection
	GlobalSection(SolutionProperties) = preSolution
		HideSolutionNode = FALSE
	EndGlobalSection
	GlobalSection(NestedProjects) = preSolution
		{6FB5F2E6-F1B1-4220-ADAD-C9C3BDD54624} = {02EA681E-C7D8-13C7-8484-4AC65E1B71E8}
		{2A945A13-2D8B-B2B2-3F3F-892BAFBC5A2A} = {6FB5F2E6-F1B1-4220-ADAD-C9C3BDD54624}
		{7613AF00-79EA-4610-9121-891E189C5F73} = {02EA681E-C7D8-13C7-8484-4AC65E1B71E8}
		{7402913F-AD11-48F1-B3CD-35B47923AB5C} = {7613AF00-79EA-4610-9121-891E189C5F73}
		{B4B2C836-BFC7-46EB-917D-C21942ADF351} = {7613AF00-79EA-4610-9121-891E189C5F73}
		{C304C5CA-0BE5-49C9-B566-E2CAF3A57D60} = {7613AF00-79EA-4610-9121-891E189C5F73}
		{60226F87-96EF-DEF1-8B78-2696896CEEA7} = {7402913F-AD11-48F1-B3CD-35B47923AB5C}
		{EB8F7C03-D2F9-E78F-EB02-BFF961F1F676} = {B4B2C836-BFC7-46EB-917D-C21942ADF351}
		{BBC9FDF4-4709-E23C-F413-B613F61389E0} = {C304C5CA-0BE5-49C9-B566-E2CAF3A57D60}
		{AE75F674-EC73-4D57-B57E-07CA91942051} = {7613AF00-79EA-4610-9121-891E189C5F73}
		{731E3CD1-B0B5-44E0-8E8C-99E837E9FAD1} = {7613AF00-79EA-4610-9121-891E189C5F73}
		{E861889B-5F16-42F1-A06F-4E6B2DE6F7DD} = {7613AF00-79EA-4610-9121-891E189C5F73}
		{5845E45E-4725-4B0B-92DA-41134F4C8B8E} = {7613AF00-79EA-4610-9121-891E189C5F73}
		{A85FB2E9-4BE2-4D10-A558-C298B6DFA99F} = {7613AF00-79EA-4610-9121-891E189C5F73}
		{DC6D3C9D-A84E-4C97-B727-054E7CDAA96B} = {7613AF00-79EA-4610-9121-891E189C5F73}
		{C79D3B16-30E1-420B-A030-EC0246BCCCC1} = {7613AF00-79EA-4610-9121-891E189C5F73}
		{F8430311-8BFF-4208-B156-EE0A458897D2} = {7613AF00-79EA-4610-9121-891E189C5F73}
		{4DC0B7E8-D78C-4597-BB23-5E47468F1AE2} = {7613AF00-79EA-4610-9121-891E189C5F73}
		{AB4E1DD2-B136-4B3E-B051-9A3FCB34CA22} = {7613AF00-79EA-4610-9121-891E189C5F73}
		{D1A95EEB-EFC8-CC37-68D5-CF7397B9893C} = {AE75F674-EC73-4D57-B57E-07CA91942051}
		{EE3FF6CF-4EBD-146D-84B1-A6B6DF977BA4} = {731E3CD1-B0B5-44E0-8E8C-99E837E9FAD1}
		{3E2DE030-17D1-F885-995B-4F644B5EB9BF} = {E861889B-5F16-42F1-A06F-4E6B2DE6F7DD}
		{56E335F2-5C98-E54A-F4E6-0989A988752D} = {5845E45E-4725-4B0B-92DA-41134F4C8B8E}
		{AD91B5F8-B343-88BE-CA3D-482C6FEA1911} = {A85FB2E9-4BE2-4D10-A558-C298B6DFA99F}
		{8D6BC8CA-829E-D229-71EF-73C4CF5A1A45} = {DC6D3C9D-A84E-4C97-B727-054E7CDAA96B}
		{06B3B645-25CB-3713-19CA-B4AB3D12699A} = {C79D3B16-30E1-420B-A030-EC0246BCCCC1}
		{71EA5530-C88B-E9AE-01BE-C1FCE9B9FAB2} = {F8430311-8BFF-4208-B156-EE0A458897D2}
		{C9F35E67-8A3C-629E-8EC2-148E7AE46DE6} = {4DC0B7E8-D78C-4597-BB23-5E47468F1AE2}
		{F9BDE636-0932-3710-1EBA-1298A759C23B} = {AB4E1DD2-B136-4B3E-B051-9A3FCB34CA22}
		{00975F35-7A15-43F8-A484-21ACA1C2ABF0} = {02EA681E-C7D8-13C7-8484-4AC65E1B71E8}
		{1BDF70D6-4BE9-4718-9B9A-D60633996E0D} = {00975F35-7A15-43F8-A484-21ACA1C2ABF0}
		{9458D531-CAC0-4F7E-91C2-0B7F7F6D265B} = {00975F35-7A15-43F8-A484-21ACA1C2ABF0}
		{746520AE-961E-44EC-94D3-37BD3B8A7E8F} = {00975F35-7A15-43F8-A484-21ACA1C2ABF0}
		{BC12755C-F7C4-4A20-87D1-881FB2531606} = {00975F35-7A15-43F8-A484-21ACA1C2ABF0}
		{85431B26-CE52-4643-8217-62DAE957E6BC} = {00975F35-7A15-43F8-A484-21ACA1C2ABF0}
		{9F410AC4-B2CB-49E3-851A-A13088B2EB66} = {00975F35-7A15-43F8-A484-21ACA1C2ABF0}
		{9BE9114A-EC50-4CBA-BB0A-039BFB4D7AFA} = {00975F35-7A15-43F8-A484-21ACA1C2ABF0}
		{FFF2241C-A544-4DBC-9955-F9B502B693A7} = {00975F35-7A15-43F8-A484-21ACA1C2ABF0}
		{2FF337E8-FCE3-4A89-9123-2041C524D72F} = {00975F35-7A15-43F8-A484-21ACA1C2ABF0}
		{E24379AE-724F-4F39-AAF2-3CE62BC29D17} = {00975F35-7A15-43F8-A484-21ACA1C2ABF0}
		{F2B6FA08-7B0C-4F3E-AA1A-7DCC0E0252BF} = {00975F35-7A15-43F8-A484-21ACA1C2ABF0}
		{E516EF8B-507A-43DE-ABB3-3CC241480D4F} = {00975F35-7A15-43F8-A484-21ACA1C2ABF0}
		{B08A42A0-8302-4347-A3DD-4603E568A830} = {00975F35-7A15-43F8-A484-21ACA1C2ABF0}
		{665E155C-6A03-453F-94B4-94C4E8DB8BBF} = {00975F35-7A15-43F8-A484-21ACA1C2ABF0}
		{4ECBBA42-C0FD-E17C-CFD4-D36FAF751E6E} = {1BDF70D6-4BE9-4718-9B9A-D60633996E0D}
		{6C6D680E-5CF1-BEDD-C640-A449CADF4F83} = {746520AE-961E-44EC-94D3-37BD3B8A7E8F}
		{D92A52CA-C88B-BA43-9795-15ECFD981B26} = {BC12755C-F7C4-4A20-87D1-881FB2531606}
		{67582E36-B3C4-F62E-7FB0-BA4DB84B498B} = {9458D531-CAC0-4F7E-91C2-0B7F7F6D265B}
		{23D2D13B-BC2E-CE2B-226C-EAE308851D89} = {85431B26-CE52-4643-8217-62DAE957E6BC}
		{C5747423-319B-3144-F70E-345A49F65D76} = {9F410AC4-B2CB-49E3-851A-A13088B2EB66}
		{0FBC3C8B-39D0-DF9D-F69E-9DEE901E672B} = {9BE9114A-EC50-4CBA-BB0A-039BFB4D7AFA}
		{B44539CB-6A5C-F276-E5EA-C96DC8991F44} = {FFF2241C-A544-4DBC-9955-F9B502B693A7}
		{94AA5466-C7C9-EF63-CAA0-5D2134008476} = {2FF337E8-FCE3-4A89-9123-2041C524D72F}
		{289A4EDA-203C-1105-E576-7DEC206FE3C9} = {E24379AE-724F-4F39-AAF2-3CE62BC29D17}
		{54F35EBF-CD8E-4101-EA8A-3B0125A56DF0} = {F2B6FA08-7B0C-4F3E-AA1A-7DCC0E0252BF}
		{32AA1E60-2F91-809C-E401-90CCB16BACB0} = {E516EF8B-507A-43DE-ABB3-3CC241480D4F}
		{7160D09B-073D-9B8E-BDD4-68AA99041AD0} = {B08A42A0-8302-4347-A3DD-4603E568A830}
		{E44305DE-725F-FE61-6468-C49C18416F0C} = {665E155C-6A03-453F-94B4-94C4E8DB8BBF}
		{C91B44BA-1B71-4C88-9E76-1A7945462B58} = {02EA681E-C7D8-13C7-8484-4AC65E1B71E8}
		{F334A2EA-00F2-4556-9A1C-822DEC870EA5} = {C91B44BA-1B71-4C88-9E76-1A7945462B58}
		{75CAEC3B-BA75-42B0-8874-8A668910CE99} = {C91B44BA-1B71-4C88-9E76-1A7945462B58}
		{1B87423C-5CEF-4BC0-99B2-F7450D3A6098} = {C91B44BA-1B71-4C88-9E76-1A7945462B58}
		{CE4A80EF-55E0-4282-81DF-A23E71FC1121} = {C91B44BA-1B71-4C88-9E76-1A7945462B58}
		{9CBDDA20-D308-4444-8D61-B9EA30122FA5} = {C91B44BA-1B71-4C88-9E76-1A7945462B58}
		{8E2C1F18-B539-41AA-8F7F-B12DC3A2BF90} = {C91B44BA-1B71-4C88-9E76-1A7945462B58}
		{BCA9514C-7468-46C6-9AC8-15738BA6AA18} = {C91B44BA-1B71-4C88-9E76-1A7945462B58}
		{794A4D4F-30B4-4A1C-9D2A-76C18EBE5E13} = {C91B44BA-1B71-4C88-9E76-1A7945462B58}
		{65D9BC90-B5FB-4E30-8729-4E3AB54889E0} = {C91B44BA-1B71-4C88-9E76-1A7945462B58}
		{16134737-31A3-4248-8838-087455BE20D9} = {C91B44BA-1B71-4C88-9E76-1A7945462B58}
		{44E06DD0-4507-DCF0-5E4B-9736B98081C8} = {F334A2EA-00F2-4556-9A1C-822DEC870EA5}
		{644B854F-DB7B-D3D3-D88F-EE51305FE66B} = {75CAEC3B-BA75-42B0-8874-8A668910CE99}
		{E27B8006-6941-2C00-D4E4-E6A85145654B} = {1B87423C-5CEF-4BC0-99B2-F7450D3A6098}
		{B1E23773-2B74-5D4B-F1B8-076F48FEFC4B} = {CE4A80EF-55E0-4282-81DF-A23E71FC1121}
		{16D737BA-A47D-0A59-C550-A5D1DBD65064} = {9CBDDA20-D308-4444-8D61-B9EA30122FA5}
		{0709D0B8-86CE-A2D3-7CDB-B8C3CDDC5A79} = {8E2C1F18-B539-41AA-8F7F-B12DC3A2BF90}
		{864080C2-D97B-833F-BACF-B4FA7B83BE7B} = {BCA9514C-7468-46C6-9AC8-15738BA6AA18}
		{0E8D646F-4678-A1DE-2663-223C34C65219} = {794A4D4F-30B4-4A1C-9D2A-76C18EBE5E13}
		{0774F2BD-8E5F-5E20-7A49-09A379EA44CB} = {65D9BC90-B5FB-4E30-8729-4E3AB54889E0}
		{AF625B62-8CB5-27FE-E742-25846FDD2A66} = {16134737-31A3-4248-8838-087455BE20D9}
	EndGlobalSection
	GlobalSection(ExtensibilityGlobals) = postSolution
		SolutionGuid = {BBFD9363-B404-4D3C-9137-D7CC986232F4}
	EndGlobalSection
EndGlobal
